// !$*UTF8*$!
{
	archiveVersion = 1;
	classes = {
	};
	objectVersion = 50;
	objects = {

/* Begin PBXBuildFile section */
		6829B410230F3F6500D78DCB /* AppDelegate.swift in Sources */ = {isa = PBXBuildFile; fileRef = 6829B40F230F3F6500D78DCB /* AppDelegate.swift */; };
		6829B412230F3F6500D78DCB /* SceneDelegate.swift in Sources */ = {isa = PBXBuildFile; fileRef = 6829B411230F3F6500D78DCB /* SceneDelegate.swift */; };
		6829B414230F3F6500D78DCB /* ContentView.swift in Sources */ = {isa = PBXBuildFile; fileRef = 6829B413230F3F6500D78DCB /* ContentView.swift */; };
		6829B416230F3F6A00D78DCB /* Assets.xcassets in Resources */ = {isa = PBXBuildFile; fileRef = 6829B415230F3F6A00D78DCB /* Assets.xcassets */; };
		6829B419230F3F6A00D78DCB /* Preview Assets.xcassets in Resources */ = {isa = PBXBuildFile; fileRef = 6829B418230F3F6A00D78DCB /* Preview Assets.xcassets */; };
		6829B41C230F3F6A00D78DCB /* LaunchScreen.storyboard in Resources */ = {isa = PBXBuildFile; fileRef = 6829B41A230F3F6A00D78DCB /* LaunchScreen.storyboard */; };
		6829B42D230F4A1F00D78DCB /* ViewController.swift in Sources */ = {isa = PBXBuildFile; fileRef = 6829B42B230F4A1F00D78DCB /* ViewController.swift */; };
		6829B42E230F4A1F00D78DCB /* VisionObjectRecognitionViewController.swift in Sources */ = {isa = PBXBuildFile; fileRef = 6829B42C230F4A1F00D78DCB /* VisionObjectRecognitionViewController.swift */; };
		6829B432230F54C400D78DCB /* CarRecognition.mlmodel in Sources */ = {isa = PBXBuildFile; fileRef = 6829B431230F54C400D78DCB /* CarRecognition.mlmodel */; };
		6829B47923103D0500D78DCB /* PreviewView.swift in Sources */ = {isa = PBXBuildFile; fileRef = 6829B47823103D0500D78DCB /* PreviewView.swift */; };
/* End PBXBuildFile section */

/* Begin PBXFileReference section */
		6829B40C230F3F6500D78DCB /* CarLookup.app */ = {isa = PBXFileReference; explicitFileType = wrapper.application; includeInIndex = 0; path = CarLookup.app; sourceTree = BUILT_PRODUCTS_DIR; };
		6829B40F230F3F6500D78DCB /* AppDelegate.swift */ = {isa = PBXFileReference; lastKnownFileType = sourcecode.swift; path = AppDelegate.swift; sourceTree = "<group>"; };
		6829B411230F3F6500D78DCB /* SceneDelegate.swift */ = {isa = PBXFileReference; lastKnownFileType = sourcecode.swift; path = SceneDelegate.swift; sourceTree = "<group>"; };
		6829B413230F3F6500D78DCB /* ContentView.swift */ = {isa = PBXFileReference; lastKnownFileType = sourcecode.swift; path = ContentView.swift; sourceTree = "<group>"; };
		6829B415230F3F6A00D78DCB /* Assets.xcassets */ = {isa = PBXFileReference; lastKnownFileType = folder.assetcatalog; path = Assets.xcassets; sourceTree = "<group>"; };
		6829B418230F3F6A00D78DCB /* Preview Assets.xcassets */ = {isa = PBXFileReference; lastKnownFileType = folder.assetcatalog; path = "Preview Assets.xcassets"; sourceTree = "<group>"; };
		6829B41B230F3F6A00D78DCB /* Base */ = {isa = PBXFileReference; lastKnownFileType = file.storyboard; name = Base; path = Base.lproj/LaunchScreen.storyboard; sourceTree = "<group>"; };
		6829B41D230F3F6A00D78DCB /* Info.plist */ = {isa = PBXFileReference; lastKnownFileType = text.plist.xml; path = Info.plist; sourceTree = "<group>"; };
		6829B42B230F4A1F00D78DCB /* ViewController.swift */ = {isa = PBXFileReference; fileEncoding = 4; lastKnownFileType = sourcecode.swift; path = ViewController.swift; sourceTree = "<group>"; };
		6829B42C230F4A1F00D78DCB /* VisionObjectRecognitionViewController.swift */ = {isa = PBXFileReference; fileEncoding = 4; lastKnownFileType = sourcecode.swift; path = VisionObjectRecognitionViewController.swift; sourceTree = "<group>"; };
		6829B431230F54C400D78DCB /* CarRecognition.mlmodel */ = {isa = PBXFileReference; lastKnownFileType = file.mlmodel; path = CarRecognition.mlmodel; sourceTree = "<group>"; };
		6829B47823103D0500D78DCB /* PreviewView.swift */ = {isa = PBXFileReference; lastKnownFileType = sourcecode.swift; path = PreviewView.swift; sourceTree = "<group>"; };
/* End PBXFileReference section */

/* Begin PBXFrameworksBuildPhase section */
		6829B409230F3F6500D78DCB /* Frameworks */ = {
			isa = PBXFrameworksBuildPhase;
			buildActionMask = 2147483647;
			files = (
			);
			runOnlyForDeploymentPostprocessing = 0;
		};
/* End PBXFrameworksBuildPhase section */

/* Begin PBXGroup section */
		6829B403230F3F6500D78DCB = {
			isa = PBXGroup;
			children = (
				6829B40E230F3F6500D78DCB /* CarLookup */,
				6829B40D230F3F6500D78DCB /* Products */,
			);
			sourceTree = "<group>";
		};
		6829B40D230F3F6500D78DCB /* Products */ = {
			isa = PBXGroup;
			children = (
				6829B40C230F3F6500D78DCB /* CarLookup.app */,
			);
			name = Products;
			sourceTree = "<group>";
		};
		6829B40E230F3F6500D78DCB /* CarLookup */ = {
			isa = PBXGroup;
			children = (
				6829B40F230F3F6500D78DCB /* AppDelegate.swift */,
				6829B411230F3F6500D78DCB /* SceneDelegate.swift */,
				6829B413230F3F6500D78DCB /* ContentView.swift */,
				6829B47823103D0500D78DCB /* PreviewView.swift */,
				6829B42B230F4A1F00D78DCB /* ViewController.swift */,
				6829B42C230F4A1F00D78DCB /* VisionObjectRecognitionViewController.swift */,
				6829B431230F54C400D78DCB /* CarRecognition.mlmodel */,
				6829B415230F3F6A00D78DCB /* Assets.xcassets */,
				6829B41A230F3F6A00D78DCB /* LaunchScreen.storyboard */,
				6829B41D230F3F6A00D78DCB /* Info.plist */,
				6829B417230F3F6A00D78DCB /* Preview Content */,
			);
			path = CarLookup;
			sourceTree = "<group>";
		};
		6829B417230F3F6A00D78DCB /* Preview Content */ = {
			isa = PBXGroup;
			children = (
				6829B418230F3F6A00D78DCB /* Preview Assets.xcassets */,
			);
			path = "Preview Content";
			sourceTree = "<group>";
		};
/* End PBXGroup section */

/* Begin PBXNativeTarget section */
		6829B40B230F3F6500D78DCB /* CarLookup */ = {
			isa = PBXNativeTarget;
			buildConfigurationList = 6829B420230F3F6A00D78DCB /* Build configuration list for PBXNativeTarget "CarLookup" */;
			buildPhases = (
				6829B408230F3F6500D78DCB /* Sources */,
				6829B409230F3F6500D78DCB /* Frameworks */,
				6829B40A230F3F6500D78DCB /* Resources */,
			);
			buildRules = (
			);
			dependencies = (
			);
			name = CarLookup;
			productName = CarLookup;
			productReference = 6829B40C230F3F6500D78DCB /* CarLookup.app */;
			productType = "com.apple.product-type.application";
		};
/* End PBXNativeTarget section */

/* Begin PBXProject section */
		6829B404230F3F6500D78DCB /* Project object */ = {
			isa = PBXProject;
			attributes = {
				LastSwiftUpdateCheck = 1100;
				LastUpgradeCheck = 1100;
				ORGANIZATIONNAME = "Eric Lewis, Inc.";
				TargetAttributes = {
					6829B40B230F3F6500D78DCB = {
						CreatedOnToolsVersion = 11.0;
					};
				};
			};
			buildConfigurationList = 6829B407230F3F6500D78DCB /* Build configuration list for PBXProject "CarLookup" */;
			compatibilityVersion = "Xcode 9.3";
			developmentRegion = en;
			hasScannedForEncodings = 0;
			knownRegions = (
				en,
				Base,
			);
			mainGroup = 6829B403230F3F6500D78DCB;
			productRefGroup = 6829B40D230F3F6500D78DCB /* Products */;
			projectDirPath = "";
			projectRoot = "";
			targets = (
				6829B40B230F3F6500D78DCB /* CarLookup */,
			);
		};
/* End PBXProject section */

/* Begin PBXResourcesBuildPhase section */
		6829B40A230F3F6500D78DCB /* Resources */ = {
			isa = PBXResourcesBuildPhase;
			buildActionMask = 2147483647;
			files = (
				6829B41C230F3F6A00D78DCB /* LaunchScreen.storyboard in Resources */,
				6829B419230F3F6A00D78DCB /* Preview Assets.xcassets in Resources */,
				6829B416230F3F6A00D78DCB /* Assets.xcassets in Resources */,
			);
			runOnlyForDeploymentPostprocessing = 0;
		};
/* End PBXResourcesBuildPhase section */

/* Begin PBXSourcesBuildPhase section */
		6829B408230F3F6500D78DCB /* Sources */ = {
			isa = PBXSourcesBuildPhase;
			buildActionMask = 2147483647;
			files = (
				6829B42D230F4A1F00D78DCB /* ViewController.swift in Sources */,
				6829B410230F3F6500D78DCB /* AppDelegate.swift in Sources */,
				6829B47923103D0500D78DCB /* PreviewView.swift in Sources */,
				6829B412230F3F6500D78DCB /* SceneDelegate.swift in Sources */,
				6829B42E230F4A1F00D78DCB /* VisionObjectRecognitionViewController.swift in Sources */,
				6829B432230F54C400D78DCB /* CarRecognition.mlmodel in Sources */,
				6829B414230F3F6500D78DCB /* ContentView.swift in Sources */,
			);
			runOnlyForDeploymentPostprocessing = 0;
		};
/* End PBXSourcesBuildPhase section */

/* Begin PBXVariantGroup section */
		6829B41A230F3F6A00D78DCB /* LaunchScreen.storyboard */ = {
			isa = PBXVariantGroup;
			children = (
				6829B41B230F3F6A00D78DCB /* Base */,
			);
			name = LaunchScreen.storyboard;
			sourceTree = "<group>";
		};
/* End PBXVariantGroup section */

/* Begin XCBuildConfiguration section */
		6829B41E230F3F6A00D78DCB /* Debug */ = {
			isa = XCBuildConfiguration;
			buildSettings = {
				ALWAYS_SEARCH_USER_PATHS = NO;
				CLANG_ANALYZER_NONNULL = YES;
				CLANG_ANALYZER_NUMBER_OBJECT_CONVERSION = YES_AGGRESSIVE;
				CLANG_CXX_LANGUAGE_STANDARD = "gnu++14";
				CLANG_CXX_LIBRARY = "libc++";
				CLANG_ENABLE_MODULES = YES;
				CLANG_ENABLE_OBJC_ARC = YES;
				CLANG_ENABLE_OBJC_WEAK = YES;
				CLANG_WARN_BLOCK_CAPTURE_AUTORELEASING = YES;
				CLANG_WARN_BOOL_CONVERSION = YES;
				CLANG_WARN_COMMA = YES;
				CLANG_WARN_CONSTANT_CONVERSION = YES;
				CLANG_WARN_DEPRECATED_OBJC_IMPLEMENTATIONS = YES;
				CLANG_WARN_DIRECT_OBJC_ISA_USAGE = YES_ERROR;
				CLANG_WARN_DOCUMENTATION_COMMENTS = YES;
				CLANG_WARN_EMPTY_BODY = YES;
				CLANG_WARN_ENUM_CONVERSION = YES;
				CLANG_WARN_INFINITE_RECURSION = YES;
				CLANG_WARN_INT_CONVERSION = YES;
				CLANG_WARN_NON_LITERAL_NULL_CONVERSION = YES;
				CLANG_WARN_OBJC_IMPLICIT_RETAIN_SELF = YES;
				CLANG_WARN_OBJC_LITERAL_CONVERSION = YES;
				CLANG_WARN_OBJC_ROOT_CLASS = YES_ERROR;
				CLANG_WARN_RANGE_LOOP_ANALYSIS = YES;
				CLANG_WARN_STRICT_PROTOTYPES = YES;
				CLANG_WARN_SUSPICIOUS_MOVE = YES;
				CLANG_WARN_UNGUARDED_AVAILABILITY = YES_AGGRESSIVE;
				CLANG_WARN_UNREACHABLE_CODE = YES;
				CLANG_WARN__DUPLICATE_METHOD_MATCH = YES;
				COPY_PHASE_STRIP = NO;
				DEBUG_INFORMATION_FORMAT = dwarf;
				ENABLE_STRICT_OBJC_MSGSEND = YES;
				ENABLE_TESTABILITY = YES;
				GCC_C_LANGUAGE_STANDARD = gnu11;
				GCC_DYNAMIC_NO_PIC = NO;
				GCC_NO_COMMON_BLOCKS = YES;
				GCC_OPTIMIZATION_LEVEL = 0;
				GCC_PREPROCESSOR_DEFINITIONS = (
					"DEBUG=1",
					"$(inherited)",
				);
				GCC_WARN_64_TO_32_BIT_CONVERSION = YES;
				GCC_WARN_ABOUT_RETURN_TYPE = YES_ERROR;
				GCC_WARN_UNDECLARED_SELECTOR = YES;
				GCC_WARN_UNINITIALIZED_AUTOS = YES_AGGRESSIVE;
				GCC_WARN_UNUSED_FUNCTION = YES;
				GCC_WARN_UNUSED_VARIABLE = YES;
				IPHONEOS_DEPLOYMENT_TARGET = 13.0;
				MTL_ENABLE_DEBUG_INFO = INCLUDE_SOURCE;
				MTL_FAST_MATH = YES;
				ONLY_ACTIVE_ARCH = YES;
				SDKROOT = iphoneos;
				SWIFT_ACTIVE_COMPILATION_CONDITIONS = DEBUG;
				SWIFT_OPTIMIZATION_LEVEL = "-Onone";
			};
			name = Debug;
		};
		6829B41F230F3F6A00D78DCB /* Release */ = {
			isa = XCBuildConfiguration;
			buildSettings = {
				ALWAYS_SEARCH_USER_PATHS = NO;
				CLANG_ANALYZER_NONNULL = YES;
				CLANG_ANALYZER_NUMBER_OBJECT_CONVERSION = YES_AGGRESSIVE;
				CLANG_CXX_LANGUAGE_STANDARD = "gnu++14";
				CLANG_CXX_LIBRARY = "libc++";
				CLANG_ENABLE_MODULES = YES;
				CLANG_ENABLE_OBJC_ARC = YES;
				CLANG_ENABLE_OBJC_WEAK = YES;
				CLANG_WARN_BLOCK_CAPTURE_AUTORELEASING = YES;
				CLANG_WARN_BOOL_CONVERSION = YES;
				CLANG_WARN_COMMA = YES;
				CLANG_WARN_CONSTANT_CONVERSION = YES;
				CLANG_WARN_DEPRECATED_OBJC_IMPLEMENTATIONS = YES;
				CLANG_WARN_DIRECT_OBJC_ISA_USAGE = YES_ERROR;
				CLANG_WARN_DOCUMENTATION_COMMENTS = YES;
				CLANG_WARN_EMPTY_BODY = YES;
				CLANG_WARN_ENUM_CONVERSION = YES;
				CLANG_WARN_INFINITE_RECURSION = YES;
				CLANG_WARN_INT_CONVERSION = YES;
				CLANG_WARN_NON_LITERAL_NULL_CONVERSION = YES;
				CLANG_WARN_OBJC_IMPLICIT_RETAIN_SELF = YES;
				CLANG_WARN_OBJC_LITERAL_CONVERSION = YES;
				CLANG_WARN_OBJC_ROOT_CLASS = YES_ERROR;
				CLANG_WARN_RANGE_LOOP_ANALYSIS = YES;
				CLANG_WARN_STRICT_PROTOTYPES = YES;
				CLANG_WARN_SUSPICIOUS_MOVE = YES;
				CLANG_WARN_UNGUARDED_AVAILABILITY = YES_AGGRESSIVE;
				CLANG_WARN_UNREACHABLE_CODE = YES;
				CLANG_WARN__DUPLICATE_METHOD_MATCH = YES;
				COPY_PHASE_STRIP = NO;
				DEBUG_INFORMATION_FORMAT = "dwarf-with-dsym";
				ENABLE_NS_ASSERTIONS = NO;
				ENABLE_STRICT_OBJC_MSGSEND = YES;
				GCC_C_LANGUAGE_STANDARD = gnu11;
				GCC_NO_COMMON_BLOCKS = YES;
				GCC_WARN_64_TO_32_BIT_CONVERSION = YES;
				GCC_WARN_ABOUT_RETURN_TYPE = YES_ERROR;
				GCC_WARN_UNDECLARED_SELECTOR = YES;
				GCC_WARN_UNINITIALIZED_AUTOS = YES_AGGRESSIVE;
				GCC_WARN_UNUSED_FUNCTION = YES;
				GCC_WARN_UNUSED_VARIABLE = YES;
				IPHONEOS_DEPLOYMENT_TARGET = 13.0;
				MTL_ENABLE_DEBUG_INFO = NO;
				MTL_FAST_MATH = YES;
				SDKROOT = iphoneos;
				SWIFT_COMPILATION_MODE = wholemodule;
				SWIFT_OPTIMIZATION_LEVEL = "-O";
				VALIDATE_PRODUCT = YES;
			};
			name = Release;
		};
		6829B421230F3F6A00D78DCB /* Debug */ = {
			isa = XCBuildConfiguration;
			buildSettings = {
				ASSETCATALOG_COMPILER_APPICON_NAME = AppIcon;
				CODE_SIGN_STYLE = Automatic;
				DEVELOPMENT_ASSET_PATHS = "\"CarLookup/Preview Content\"";
				DEVELOPMENT_TEAM = F9PGNEMEHU;
				ENABLE_PREVIEWS = YES;
				INFOPLIST_FILE = CarLookup/Info.plist;
				LD_RUNPATH_SEARCH_PATHS = (
					"$(inherited)",
					"@executable_path/Frameworks",
				);
				PRODUCT_BUNDLE_IDENTIFIER = ericlewis.CarLookup;
				PRODUCT_NAME = "$(TARGET_NAME)";
				SWIFT_VERSION = 5.0;
				TARGETED_DEVICE_FAMILY = "1,2";
			};
			name = Debug;
		};
		6829B422230F3F6A00D78DCB /* Release */ = {
			isa = XCBuildConfiguration;
			buildSettings = {
				ASSETCATALOG_COMPILER_APPICON_NAME = AppIcon;
				CODE_SIGN_STYLE = Automatic;
				DEVELOPMENT_ASSET_PATHS = "\"CarLookup/Preview Content\"";
				DEVELOPMENT_TEAM = F9PGNEMEHU;
				ENABLE_PREVIEWS = YES;
				INFOPLIST_FILE = CarLookup/Info.plist;
				LD_RUNPATH_SEARCH_PATHS = (
					"$(inherited)",
					"@executable_path/Frameworks",
				);
				PRODUCT_BUNDLE_IDENTIFIER = ericlewis.CarLookup;
				PRODUCT_NAME = "$(TARGET_NAME)";
				SWIFT_VERSION = 5.0;
				TARGETED_DEVICE_FAMILY = "1,2";
			};
			name = Release;
		};
/* End XCBuildConfiguration section */

/* Begin XCConfigurationList section */
		6829B407230F3F6500D78DCB /* Build configuration list for PBXProject "CarLookup" */ = {
			isa = XCConfigurationList;
			buildConfigurations = (
				6829B41E230F3F6A00D78DCB /* Debug */,
				6829B41F230F3F6A00D78DCB /* Release */,
			);
			defaultConfigurationIsVisible = 0;
			defaultConfigurationName = Release;
		};
		6829B420230F3F6A00D78DCB /* Build configuration list for PBXNativeTarget "CarLookup" */ = {
			isa = XCConfigurationList;
			buildConfigurations = (
				6829B421230F3F6A00D78DCB /* Debug */,
				6829B422230F3F6A00D78DCB /* Release */,
			);
			defaultConfigurationIsVisible = 0;
			defaultConfigurationName = Release;
		};
/* End XCConfigurationList section */
	};
	rootObject = 6829B404230F3F6500D78DCB /* Project object */;
}
